
Microsoft Visual Studio Solution File, Format Version 12.00
# Visual Studio Version 16
VisualStudioVersion = 16.0.31515.178
MinimumVisualStudioVersion = 10.0.40219.1
Project("{9A19103F-16F7-4668-BE54-9A1E7A4F7556}") = "Server", "Server\Server.csproj", "{697BAB57-D335-4B46-B49B-73A2157331F0}"
EndProject
Project("{9A19103F-16F7-4668-BE54-9A1E7A4F7556}") = "Client", "Client\Client.csproj", "{1B68B18E-FD73-4809-8346-76AC5E43D8BD}"
EndProject
Global
	GlobalSection(SolutionConfigurationPlatforms) = preSolution
		Debug|Any CPU = Debug|Any CPU
		Release|Any CPU = Release|Any CPU
	EndGlobalSection
	GlobalSection(ProjectConfigurationPlatforms) = postSolution
		{697BAB57-D335-4B46-B49B-73A2157331F0}.Debug|Any CPU.ActiveCfg = Debug|Any CPU
		{697BAB57-D335-4B46-B49B-73A2157331F0}.Debug|Any CPU.Build.0 = Debug|Any CPU
		{697BAB57-D335-4B46-B49B-73A2157331F0}.Release|Any CPU.ActiveCfg = Debug|Any CPU
		{697BAB57-D335-4B46-B49B-73A2157331F0}.Release|Any CPU.Build.0 = Debug|Any CPU
		{1B68B18E-FD73-4809-8346-76AC5E43D8BD}.Debug|Any CPU.ActiveCfg = Debug|Any CPU
		{1B68B18E-FD73-4809-8346-76AC5E43D8BD}.Debug|Any CPU.Build.0 = Debug|Any CPU
		{1B68B18E-FD73-4809-8346-76AC5E43D8BD}.Release|Any CPU.ActiveCfg = Debug|Any CPU
		{1B68B18E-FD73-4809-8346-76AC5E43D8BD}.Release|Any CPU.Build.0 = Debug|Any CPU
	EndGlobalSection
	GlobalSection(SolutionProperties) = preSolution
		HideSolutionNode = FALSE
	EndGlobalSection
	GlobalSection(ExtensibilityGlobals) = postSolution
		SolutionGuid = {872CFBC4-1302-47B8-9D66-10DD1796C227}
	EndGlobalSection
EndGlobal
